
Microsoft Visual Studio Solution File, Format Version 12.00
# Visual Studio Version 17
VisualStudioVersion = 17.5.002.0
MinimumVisualStudioVersion = 10.0.40219.1
Project("{9A19103F-16F7-4668-BE54-9A1E7A4F7556}") = "tradebot", "tradebot.csproj", "{7124376D-3AEC-4364-9AB2-199E5290BABA}"
EndProject
Global
	GlobalSection(SolutionConfigurationPlatforms) = preSolution
		Debug|Any CPU = Debug|Any CPU
		Release|Any CPU = Release|Any CPU
	EndGlobalSection
	GlobalSection(ProjectConfigurationPlatforms) = postSolution
		{7124376D-3AEC-4364-9AB2-199E5290BABA}.Debug|Any CPU.ActiveCfg = Debug|Any CPU
		{7124376D-3AEC-4364-9AB2-199E5290BABA}.Debug|Any CPU.Build.0 = Debug|Any CPU
		{7124376D-3AEC-4364-9AB2-199E5290BABA}.Release|Any CPU.ActiveCfg = Release|Any CPU
		{7124376D-3AEC-4364-9AB2-199E5290BABA}.Release|Any CPU.Build.0 = Release|Any CPU
	EndGlobalSection
	GlobalSection(SolutionProperties) = preSolution
		HideSolutionNode = FALSE
	EndGlobalSection
	GlobalSection(ExtensibilityGlobals) = postSolution
		SolutionGuid = {A50D6AE8-E845-4CD9-BC47-5D6A49E32107}
	EndGlobalSection
EndGlobal
